{
  "nodes": {
    "agenix": {
      "inputs": {
        "darwin": "darwin",
        "nixpkgs": [
          "nixos"
        ]
      },
      "locked": {
        "lastModified": 1675176355,
        "narHash": "sha256-Qjxh5cmN56siY97mzmBLI1+cdjXSPqmfPVsKxBvHmwI=",
        "owner": "ryantm",
        "repo": "agenix",
        "rev": "b7ffcfe77f817d9ee992640ba1f270718d197f28",
        "type": "github"
      },
      "original": {
        "owner": "ryantm",
        "repo": "agenix",
        "type": "github"
      }
    },
    "arion": {
      "inputs": {
        "flake-parts": "flake-parts",
        "haskell-flake": "haskell-flake",
        "nixpkgs": "nixpkgs"
      },
      "locked": {
        "lastModified": 1673633885,
        "narHash": "sha256-XxFZvY20EqOYlOP1dF/YcPYpgSJtlRIqIeWXHJqCnws=",
        "owner": "hercules-ci",
        "repo": "arion",
        "rev": "09ef2d13771ec1309536bbf97720767f90a5afa7",
        "type": "github"
      },
      "original": {
        "owner": "hercules-ci",
        "repo": "arion",
        "type": "github"
      }
    },
    "darwin": {
      "inputs": {
        "nixpkgs": [
          "agenix",
          "nixpkgs"
        ]
      },
      "locked": {
        "lastModified": 1673295039,
        "narHash": "sha256-AsdYgE8/GPwcelGgrntlijMg4t3hLFJFCRF3tL5WVjA=",
        "owner": "lnl7",
        "repo": "nix-darwin",
        "rev": "87b9d090ad39b25b2400029c64825fc2a8868943",
        "type": "github"
      },
      "original": {
        "owner": "lnl7",
        "ref": "master",
        "repo": "nix-darwin",
        "type": "github"
      }
    },
    "darwin_2": {
      "inputs": {
        "nixpkgs": [
          "digga",
          "nixpkgs"
        ]
      },
      "locked": {
        "lastModified": 1672753581,
        "narHash": "sha256-EIi2tqHoje5cE9WqH23ZghW28NOOWSUM7tcxKE1U9KI=",
        "owner": "LnL7",
        "repo": "nix-darwin",
        "rev": "3db1d870b04b13411f56ab1a50cd32b001f56433",
        "type": "github"
      },
      "original": {
        "owner": "LnL7",
        "repo": "nix-darwin",
        "type": "github"
      }
    },
    "deploy": {
      "inputs": {
        "flake-compat": "flake-compat",
        "nixpkgs": [
          "nixos"
        ],
        "utils": "utils"
      },
      "locked": {
        "lastModified": 1674127017,
        "narHash": "sha256-QO1xF7stu5ZMDLbHN30LFolMAwY6TVlzYvQoUs1RD68=",
        "owner": "serokell",
        "repo": "deploy-rs",
        "rev": "8c9ea9605eed20528bf60fae35a2b613b901fd77",
        "type": "github"
      },
      "original": {
        "owner": "serokell",
        "repo": "deploy-rs",
        "type": "github"
      }
    },
    "devshell": {
      "inputs": {
        "flake-utils": "flake-utils",
        "nixpkgs": [
          "digga",
          "nixpkgs"
        ]
      },
      "locked": {
        "lastModified": 1671489820,
        "narHash": "sha256-qoei5HDJ8psd1YUPD7DhbHdhLIT9L2nadscp4Qk37uk=",
        "owner": "numtide",
        "repo": "devshell",
        "rev": "5aa3a8039c68b4bf869327446590f4cdf90bb634",
        "type": "github"
      },
      "original": {
        "owner": "numtide",
        "repo": "devshell",
        "type": "github"
      }
    },
    "digga": {
      "inputs": {
        "darwin": "darwin_2",
        "deploy": [
          "deploy"
        ],
        "devshell": "devshell",
        "flake-compat": "flake-compat_2",
        "flake-utils": "flake-utils_2",
        "flake-utils-plus": "flake-utils-plus",
        "home-manager": [
          "home"
        ],
        "nixlib": [
          "nixos"
        ],
        "nixpkgs": [
          "nixos"
        ],
        "nixpkgs-unstable": "nixpkgs-unstable"
      },
      "locked": {
        "lastModified": 1674665318,
        "narHash": "sha256-k3soI+AnNz+9WRU64qv23arssUjnYSwXdJXsPEiFu9I=",
        "owner": "divnix",
        "repo": "digga",
        "rev": "0595ae70cdb5ccf1ab031199fe98551c4b378bd9",
        "type": "github"
      },
      "original": {
        "owner": "divnix",
        "repo": "digga",
        "type": "github"
      }
    },
    "flake-compat": {
      "flake": false,
      "locked": {
        "lastModified": 1668681692,
        "narHash": "sha256-Ht91NGdewz8IQLtWZ9LCeNXMSXHUss+9COoqu6JLmXU=",
        "owner": "edolstra",
        "repo": "flake-compat",
        "rev": "009399224d5e398d03b22badca40a37ac85412a1",
        "type": "github"
      },
      "original": {
        "owner": "edolstra",
        "repo": "flake-compat",
        "type": "github"
      }
    },
    "flake-compat_2": {
      "flake": false,
      "locked": {
        "lastModified": 1668681692,
        "narHash": "sha256-Ht91NGdewz8IQLtWZ9LCeNXMSXHUss+9COoqu6JLmXU=",
        "owner": "edolstra",
        "repo": "flake-compat",
        "rev": "009399224d5e398d03b22badca40a37ac85412a1",
        "type": "github"
      },
      "original": {
        "owner": "edolstra",
        "repo": "flake-compat",
        "type": "github"
      }
    },
    "flake-parts": {
      "inputs": {
        "nixpkgs-lib": [
          "arion",
          "nixpkgs"
        ]
      },
      "locked": {
        "lastModified": 1672877861,
        "narHash": "sha256-ROnSmsk5grROL6gnHBnSdqlPPBrBJMApCeB7xzY567M=",
        "owner": "hercules-ci",
        "repo": "flake-parts",
        "rev": "7930f5b1c356270cec420d4f4cb43f4907206640",
        "type": "github"
      },
      "original": {
        "owner": "hercules-ci",
        "repo": "flake-parts",
        "type": "github"
      }
    },
    "flake-utils": {
      "locked": {
        "lastModified": 1642700792,
        "narHash": "sha256-XqHrk7hFb+zBvRg6Ghl+AZDq03ov6OshJLiSWOoX5es=",
        "owner": "numtide",
        "repo": "flake-utils",
        "rev": "846b2ae0fc4cc943637d3d1def4454213e203cba",
        "type": "github"
      },
      "original": {
        "owner": "numtide",
        "repo": "flake-utils",
        "type": "github"
      }
    },
    "flake-utils-plus": {
      "inputs": {
        "flake-utils": [
          "digga",
          "flake-utils"
        ]
      },
      "locked": {
        "lastModified": 1654029967,
        "narHash": "sha256-my3GQ3mQIw/1f6GPV1IhUZrcYQSWh0YJAMPNBjhXJDw=",
        "owner": "gytis-ivaskevicius",
        "repo": "flake-utils-plus",
        "rev": "6271cf3842ff9c8a9af9e3508c547f86bc77d199",
        "type": "github"
      },
      "original": {
        "owner": "gytis-ivaskevicius",
        "ref": "refs/pull/120/head",
        "repo": "flake-utils-plus",
        "type": "github"
      }
    },
    "flake-utils_2": {
      "locked": {
        "lastModified": 1667395993,
        "narHash": "sha256-nuEHfE/LcWyuSWnS8t12N1wc105Qtau+/OdUAjtQ0rA=",
        "owner": "numtide",
        "repo": "flake-utils",
        "rev": "5aed5285a952e0b949eb3ba02c12fa4fcfef535f",
        "type": "github"
      },
      "original": {
        "owner": "numtide",
        "repo": "flake-utils",
        "type": "github"
      }
    },
    "haskell-flake": {
      "locked": {
        "lastModified": 1668167720,
        "narHash": "sha256-5wDTR6xt9BB3BjgKR+YOjOkZgMyDXKaX79g42sStzDU=",
        "owner": "srid",
        "repo": "haskell-flake",
        "rev": "4fc511d93a55fedf815c1647ad146c26d7a2054e",
        "type": "github"
      },
      "original": {
        "owner": "srid",
        "repo": "haskell-flake",
        "type": "github"
      }
    },
    "home": {
      "inputs": {
        "nixpkgs": [
          "nixos"
        ],
        "utils": "utils_2"
      },
      "locked": {
        "lastModified": 1675935446,
        "narHash": "sha256-WajulTn7QdwC7QuXRBavrANuIXE5z+08EdxdRw1qsNs=",
        "owner": "nix-community",
        "repo": "home-manager",
        "rev": "2dce7f1a55e785a22d61668516df62899278c9e4",
        "type": "github"
      },
      "original": {
        "owner": "nix-community",
        "repo": "home-manager",
        "type": "github"
      }
    },
    "nixlib": {
      "locked": {
        "lastModified": 1636849918,
        "narHash": "sha256-nzUK6dPcTmNVrgTAC1EOybSMsrcx+QrVPyqRdyKLkjA=",
        "owner": "nix-community",
        "repo": "nixpkgs.lib",
        "rev": "28a5b0557f14124608db68d3ee1f77e9329e9dd5",
        "type": "github"
      },
      "original": {
        "owner": "nix-community",
        "repo": "nixpkgs.lib",
        "type": "github"
      }
    },
    "nixos": {
      "locked": {
        "lastModified": 1675942811,
        "narHash": "sha256-/v4Z9mJmADTpXrdIlAjFa1e+gkpIIROR670UVDQFwIw=",
        "owner": "nixos",
        "repo": "nixpkgs",
        "rev": "724bfc0892363087709bd3a5a1666296759154b1",
        "type": "github"
      },
      "original": {
        "owner": "nixos",
        "ref": "nixos-unstable",
        "repo": "nixpkgs",
        "type": "github"
      }
    },
    "nixos-generators": {
      "inputs": {
        "nixlib": "nixlib",
        "nixpkgs": "nixpkgs_2"
      },
      "locked": {
        "lastModified": 1674666581,
        "narHash": "sha256-KNI2s/xrL7WOYaPJAWKBtb7cCH3335rLfsL+B+ssuGY=",
        "owner": "nix-community",
        "repo": "nixos-generators",
        "rev": "6a5dc1d3d557ea7b5c19b15ff91955124d0400fa",
        "type": "github"
      },
      "original": {
        "owner": "nix-community",
        "repo": "nixos-generators",
        "type": "github"
      }
    },
    "nixos-hardware": {
      "locked": {
        "lastModified": 1675933606,
        "narHash": "sha256-y427VhPQHOKkYvkc9MMsL/2R7M11rQxzsRdRLM3htx8=",
        "owner": "NixOs",
        "repo": "nixos-hardware",
        "rev": "44ae00e02e8036a66c08f4decdece7e3bbbefee2",
        "type": "github"
      },
      "original": {
        "owner": "NixOs",
        "ref": "master",
        "repo": "nixos-hardware",
        "type": "github"
      }
    },
    "nixpkgs": {
      "locked": {
        "lastModified": 1673450908,
        "narHash": "sha256-b8em+kwrNtnB7gR8SyVf6WuTyQ+6tHS6dzt9D9wgKF0=",
        "owner": "NixOS",
        "repo": "nixpkgs",
        "rev": "6c8644fc37b6e141cbfa6c7dc8d98846c4ff0c2e",
        "type": "github"
      },
      "original": {
        "owner": "NixOS",
        "ref": "nixos-unstable",
        "repo": "nixpkgs",
        "type": "github"
      }
    },
    "nixpkgs-unstable": {
      "locked": {
        "lastModified": 1672791794,
        "narHash": "sha256-mqGPpGmwap0Wfsf3o2b6qHJW1w2kk/I6cGCGIU+3t6o=",
        "owner": "nixos",
        "repo": "nixpkgs",
        "rev": "9813adc7f7c0edd738c6bdd8431439688bb0cb3d",
        "type": "github"
      },
      "original": {
        "owner": "nixos",
        "ref": "nixos-unstable",
        "repo": "nixpkgs",
        "type": "github"
      }
    },
    "nixpkgs_2": {
      "locked": {
        "lastModified": 1637186689,
        "narHash": "sha256-NU7BhgnwA/3ibmCeSzFK6xGi+Bari9mPfn+4cBmyEjw=",
        "owner": "NixOS",
        "repo": "nixpkgs",
        "rev": "7fad01d9d5a3f82081c00fb57918d64145dc904c",
        "type": "github"
      },
      "original": {
        "owner": "NixOS",
        "ref": "nixpkgs-unstable",
        "repo": "nixpkgs",
        "type": "github"
      }
    },
    "root": {
      "inputs": {
        "agenix": "agenix",
        "arion": "arion",
        "deploy": "deploy",
        "digga": "digga",
        "home": "home",
        "nixos": "nixos",
        "nixos-generators": "nixos-generators",
        "nixos-hardware": "nixos-hardware"
      }
    },
    "utils": {
      "locked": {
        "lastModified": 1667395993,
        "narHash": "sha256-nuEHfE/LcWyuSWnS8t12N1wc105Qtau+/OdUAjtQ0rA=",
        "owner": "numtide",
        "repo": "flake-utils",
        "rev": "5aed5285a952e0b949eb3ba02c12fa4fcfef535f",
        "type": "github"
      },
      "original": {
        "owner": "numtide",
        "repo": "flake-utils",
        "type": "github"
      }
    },
    "utils_2": {
      "locked": {
        "lastModified": 1667395993,
        "narHash": "sha256-nuEHfE/LcWyuSWnS8t12N1wc105Qtau+/OdUAjtQ0rA=",
        "owner": "numtide",
        "repo": "flake-utils",
        "rev": "5aed5285a952e0b949eb3ba02c12fa4fcfef535f",
        "type": "github"
      },
      "original": {
        "owner": "numtide",
        "repo": "flake-utils",
        "type": "github"
      }
    }
  },
  "root": "root",
  "version": 7
}
